# THIS IS AN AUTOGENERATED FILE. DO NOT EDIT THIS FILE DIRECTLY.
# yarn lockfile v1


"@specifyapp/cli@^1.2.0":
  version "1.2.0"
  resolved "https://registry.yarnpkg.com/@specifyapp/cli/-/cli-1.2.0.tgz#248c365d3c1412f493d727bab8264a83daac43e5"
  integrity sha512-/CnKMCd1eoc4Qs2zCooGwaGVBUh9MW7etkezuGDH1hw0hZPzE7oZBV6/hzVQe4n/1gWc09PaNG1BOWoktVnYAg==

dotenv@^16.4.5:
  version "16.4.5"
  resolved "https://registry.yarnpkg.com/dotenv/-/dotenv-16.4.5.tgz#cdd3b3b604cb327e286b4762e13502f717cb099f"
  integrity sha512-ZmdL2rui+eB2YwhsWzjInR8LldtZHGDoQ1ugH85ppHKwpUHL7j7rN0Ti9NCnGiQbhaZ11FpR+7ao1dNsmduNUg==
